
Microsoft Visual Studio Solution File, Format Version 12.00
# Visual Studio 2013
VisualStudioVersion = 12.0.40629.0
MinimumVisualStudioVersion = 10.0.40219.1
Project("{8BC9CEB8-8B4A-11D0-8D11-00A0C91BC942}") = "common", "common\common.vcxproj", "{A86D4152-F15E-4A05-AD78-4D74F70A5B82}"
EndProject
Project("{8BC9CEB8-8B4A-11D0-8D11-00A0C91BC942}") = "t001-rectangle", "t001-rectangle\t001.vcxproj", "{9D27A884-61FB-4252-A38C-31BADD6ADBB7}"
	ProjectSection(ProjectDependencies) = postProject
		{A86D4152-F15E-4A05-AD78-4D74F70A5B82} = {A86D4152-F15E-4A05-AD78-4D74F70A5B82}
	EndProjectSection
EndProject
Project("{8BC9CEB8-8B4A-11D0-8D11-00A0C91BC942}") = "t002-texture", "t002-texture\t002.vcxproj", "{74CE578C-A954-4583-8E3D-B9A03B6137C6}"
	ProjectSection(ProjectDependencies) = postProject
		{A86D4152-F15E-4A05-AD78-4D74F70A5B82} = {A86D4152-F15E-4A05-AD78-4D74F70A5B82}
	EndProjectSection
EndProject
Project("{8BC9CEB8-8B4A-11D0-8D11-00A0C91BC942}") = "t003-rtt", "t003-rtt\t003.vcxproj", "{9702784A-4637-4880-A822-4596BEED8B1C}"
	ProjectSection(ProjectDependencies) = postProject
		{A86D4152-F15E-4A05-AD78-4D74F70A5B82} = {A86D4152-F15E-4A05-AD78-4D74F70A5B82}
	EndProjectSection
EndProject
Project("{8BC9CEB8-8B4A-11D0-8D11-00A0C91BC942}") = "t004-stencil", "t004-stencil\t004.vcxproj", "{AE29A4DE-3B59-47B4-8AA1-B8801FADB501}"
EndProject
Project("{8BC9CEB8-8B4A-11D0-8D11-00A0C91BC942}") = "t005-phong", "t005-Phong\t005.vcxproj", "{5889CBDF-B016-42D1-B070-C9E491D5B5D9}"
	ProjectSection(ProjectDependencies) = postProject
		{A86D4152-F15E-4A05-AD78-4D74F70A5B82} = {A86D4152-F15E-4A05-AD78-4D74F70A5B82}
	EndProjectSection
EndProject
Project("{8BC9CEB8-8B4A-11D0-8D11-00A0C91BC942}") = "t006-shadow map", "t006-shadowmap\t006.vcxproj", "{E0C54999-28E4-4E25-9725-64B70707AC39}"
	ProjectSection(ProjectDependencies) = postProject
		{A86D4152-F15E-4A05-AD78-4D74F70A5B82} = {A86D4152-F15E-4A05-AD78-4D74F70A5B82}
	EndProjectSection
EndProject
Project("{8BC9CEB8-8B4A-11D0-8D11-00A0C91BC942}") = "-t007-bloom", "t007-bloom\t007-bloom.vcxproj", "{2A383327-DB52-4FAA-8C64-8769183BFDCB}"
	ProjectSection(ProjectDependencies) = postProject
		{A86D4152-F15E-4A05-AD78-4D74F70A5B82} = {A86D4152-F15E-4A05-AD78-4D74F70A5B82}
	EndProjectSection
EndProject
Project("{8BC9CEB8-8B4A-11D0-8D11-00A0C91BC942}") = "t008-normal map", "t008-Normal Map\t008-Normal Map.vcxproj", "{60A75078-12DF-4FDD-B58A-8E57A132EFAD}"
	ProjectSection(ProjectDependencies) = postProject
		{A86D4152-F15E-4A05-AD78-4D74F70A5B82} = {A86D4152-F15E-4A05-AD78-4D74F70A5B82}
	EndProjectSection
EndProject
Project("{8BC9CEB8-8B4A-11D0-8D11-00A0C91BC942}") = "t009-blending", "t009-blending\t009-blending.vcxproj", "{C56F7378-C001-4637-B82D-D12ECAA86646}"
	ProjectSection(ProjectDependencies) = postProject
		{A86D4152-F15E-4A05-AD78-4D74F70A5B82} = {A86D4152-F15E-4A05-AD78-4D74F70A5B82}
	EndProjectSection
EndProject
Project("{8BC9CEB8-8B4A-11D0-8D11-00A0C91BC942}") = "t010-sky box", "t010-sky box\t010-sky box.vcxproj", "{E42E29EE-C6E3-4033-90BD-27C972B854B7}"
	ProjectSection(ProjectDependencies) = postProject
		{A86D4152-F15E-4A05-AD78-4D74F70A5B82} = {A86D4152-F15E-4A05-AD78-4D74F70A5B82}
	EndProjectSection
EndProject
Project("{8BC9CEB8-8B4A-11D0-8D11-00A0C91BC942}") = "t011-instance", "t011-instance\t011-instance.vcxproj", "{333D8E2C-A02C-4F11-A7AD-A37FA3AABF53}"
	ProjectSection(ProjectDependencies) = postProject
		{A86D4152-F15E-4A05-AD78-4D74F70A5B82} = {A86D4152-F15E-4A05-AD78-4D74F70A5B82}
	EndProjectSection
EndProject
Project("{8BC9CEB8-8B4A-11D0-8D11-00A0C91BC942}") = "-t012-sprite", "t012-sprite\t012-sprite.vcxproj", "{B0A32BE8-F5D4-4DE3-A621-363791DD33A1}"
	ProjectSection(ProjectDependencies) = postProject
		{A86D4152-F15E-4A05-AD78-4D74F70A5B82} = {A86D4152-F15E-4A05-AD78-4D74F70A5B82}
	EndProjectSection
EndProject
Project("{8BC9CEB8-8B4A-11D0-8D11-00A0C91BC942}") = "-t013-motion blur", "t013-motion blur\t013-motion blur.vcxproj", "{83EFADFC-9B36-43B8-80C6-A4957431DA19}"
	ProjectSection(ProjectDependencies) = postProject
		{A86D4152-F15E-4A05-AD78-4D74F70A5B82} = {A86D4152-F15E-4A05-AD78-4D74F70A5B82}
	EndProjectSection
EndProject
Project("{8BC9CEB8-8B4A-11D0-8D11-00A0C91BC942}") = "-t014-billboard", "t014-billboard\t014-billboard.vcxproj", "{916BBED3-E9FB-4C77-B8D7-5DE1B72CA28A}"
	ProjectSection(ProjectDependencies) = postProject
		{A86D4152-F15E-4A05-AD78-4D74F70A5B82} = {A86D4152-F15E-4A05-AD78-4D74F70A5B82}
	EndProjectSection
EndProject
Project("{8BC9CEB8-8B4A-11D0-8D11-00A0C91BC942}") = "t015-geometry shader", "t015-geometry shader\t015-geometry shader.vcxproj", "{740EEA91-3C75-4B2A-9968-E7ADFAE2D5BE}"
EndProject
Global
	GlobalSection(SolutionConfigurationPlatforms) = preSolution
		Debug|Win32 = Debug|Win32
		Release|Win32 = Release|Win32
	EndGlobalSection
	GlobalSection(ProjectConfigurationPlatforms) = postSolution
		{A86D4152-F15E-4A05-AD78-4D74F70A5B82}.Debug|Win32.ActiveCfg = Debug|Win32
		{A86D4152-F15E-4A05-AD78-4D74F70A5B82}.Debug|Win32.Build.0 = Debug|Win32
		{A86D4152-F15E-4A05-AD78-4D74F70A5B82}.Release|Win32.ActiveCfg = Release|Win32
		{A86D4152-F15E-4A05-AD78-4D74F70A5B82}.Release|Win32.Build.0 = Release|Win32
		{9D27A884-61FB-4252-A38C-31BADD6ADBB7}.Debug|Win32.ActiveCfg = Debug|Win32
		{9D27A884-61FB-4252-A38C-31BADD6ADBB7}.Debug|Win32.Build.0 = Debug|Win32
		{9D27A884-61FB-4252-A38C-31BADD6ADBB7}.Release|Win32.ActiveCfg = Release|Win32
		{9D27A884-61FB-4252-A38C-31BADD6ADBB7}.Release|Win32.Build.0 = Release|Win32
		{74CE578C-A954-4583-8E3D-B9A03B6137C6}.Debug|Win32.ActiveCfg = Debug|Win32
		{74CE578C-A954-4583-8E3D-B9A03B6137C6}.Debug|Win32.Build.0 = Debug|Win32
		{74CE578C-A954-4583-8E3D-B9A03B6137C6}.Release|Win32.ActiveCfg = Release|Win32
		{74CE578C-A954-4583-8E3D-B9A03B6137C6}.Release|Win32.Build.0 = Release|Win32
		{9702784A-4637-4880-A822-4596BEED8B1C}.Debug|Win32.ActiveCfg = Debug|Win32
		{9702784A-4637-4880-A822-4596BEED8B1C}.Debug|Win32.Build.0 = Debug|Win32
		{9702784A-4637-4880-A822-4596BEED8B1C}.Release|Win32.ActiveCfg = Release|Win32
		{9702784A-4637-4880-A822-4596BEED8B1C}.Release|Win32.Build.0 = Release|Win32
		{AE29A4DE-3B59-47B4-8AA1-B8801FADB501}.Debug|Win32.ActiveCfg = Debug|Win32
		{AE29A4DE-3B59-47B4-8AA1-B8801FADB501}.Debug|Win32.Build.0 = Debug|Win32
		{AE29A4DE-3B59-47B4-8AA1-B8801FADB501}.Release|Win32.ActiveCfg = Release|Win32
		{AE29A4DE-3B59-47B4-8AA1-B8801FADB501}.Release|Win32.Build.0 = Release|Win32
		{5889CBDF-B016-42D1-B070-C9E491D5B5D9}.Debug|Win32.ActiveCfg = Debug|Win32
		{5889CBDF-B016-42D1-B070-C9E491D5B5D9}.Debug|Win32.Build.0 = Debug|Win32
		{5889CBDF-B016-42D1-B070-C9E491D5B5D9}.Release|Win32.ActiveCfg = Release|Win32
		{5889CBDF-B016-42D1-B070-C9E491D5B5D9}.Release|Win32.Build.0 = Release|Win32
		{E0C54999-28E4-4E25-9725-64B70707AC39}.Debug|Win32.ActiveCfg = Debug|Win32
		{E0C54999-28E4-4E25-9725-64B70707AC39}.Debug|Win32.Build.0 = Debug|Win32
		{E0C54999-28E4-4E25-9725-64B70707AC39}.Release|Win32.ActiveCfg = Release|Win32
		{E0C54999-28E4-4E25-9725-64B70707AC39}.Release|Win32.Build.0 = Release|Win32
		{2A383327-DB52-4FAA-8C64-8769183BFDCB}.Debug|Win32.ActiveCfg = Debug|Win32
		{2A383327-DB52-4FAA-8C64-8769183BFDCB}.Debug|Win32.Build.0 = Debug|Win32
		{2A383327-DB52-4FAA-8C64-8769183BFDCB}.Release|Win32.ActiveCfg = Release|Win32
		{2A383327-DB52-4FAA-8C64-8769183BFDCB}.Release|Win32.Build.0 = Release|Win32
		{60A75078-12DF-4FDD-B58A-8E57A132EFAD}.Debug|Win32.ActiveCfg = Debug|Win32
		{60A75078-12DF-4FDD-B58A-8E57A132EFAD}.Debug|Win32.Build.0 = Debug|Win32
		{60A75078-12DF-4FDD-B58A-8E57A132EFAD}.Release|Win32.ActiveCfg = Release|Win32
		{60A75078-12DF-4FDD-B58A-8E57A132EFAD}.Release|Win32.Build.0 = Release|Win32
		{C56F7378-C001-4637-B82D-D12ECAA86646}.Debug|Win32.ActiveCfg = Debug|Win32
		{C56F7378-C001-4637-B82D-D12ECAA86646}.Debug|Win32.Build.0 = Debug|Win32
		{C56F7378-C001-4637-B82D-D12ECAA86646}.Release|Win32.ActiveCfg = Release|Win32
		{C56F7378-C001-4637-B82D-D12ECAA86646}.Release|Win32.Build.0 = Release|Win32
		{E42E29EE-C6E3-4033-90BD-27C972B854B7}.Debug|Win32.ActiveCfg = Debug|Win32
		{E42E29EE-C6E3-4033-90BD-27C972B854B7}.Debug|Win32.Build.0 = Debug|Win32
		{E42E29EE-C6E3-4033-90BD-27C972B854B7}.Release|Win32.ActiveCfg = Release|Win32
		{E42E29EE-C6E3-4033-90BD-27C972B854B7}.Release|Win32.Build.0 = Release|Win32
		{333D8E2C-A02C-4F11-A7AD-A37FA3AABF53}.Debug|Win32.ActiveCfg = Debug|Win32
		{333D8E2C-A02C-4F11-A7AD-A37FA3AABF53}.Debug|Win32.Build.0 = Debug|Win32
		{333D8E2C-A02C-4F11-A7AD-A37FA3AABF53}.Release|Win32.ActiveCfg = Release|Win32
		{333D8E2C-A02C-4F11-A7AD-A37FA3AABF53}.Release|Win32.Build.0 = Release|Win32
		{B0A32BE8-F5D4-4DE3-A621-363791DD33A1}.Debug|Win32.ActiveCfg = Debug|Win32
		{B0A32BE8-F5D4-4DE3-A621-363791DD33A1}.Debug|Win32.Build.0 = Debug|Win32
		{B0A32BE8-F5D4-4DE3-A621-363791DD33A1}.Release|Win32.ActiveCfg = Release|Win32
		{B0A32BE8-F5D4-4DE3-A621-363791DD33A1}.Release|Win32.Build.0 = Release|Win32
		{83EFADFC-9B36-43B8-80C6-A4957431DA19}.Debug|Win32.ActiveCfg = Debug|Win32
		{83EFADFC-9B36-43B8-80C6-A4957431DA19}.Debug|Win32.Build.0 = Debug|Win32
		{83EFADFC-9B36-43B8-80C6-A4957431DA19}.Release|Win32.ActiveCfg = Release|Win32
		{83EFADFC-9B36-43B8-80C6-A4957431DA19}.Release|Win32.Build.0 = Release|Win32
		{916BBED3-E9FB-4C77-B8D7-5DE1B72CA28A}.Debug|Win32.ActiveCfg = Debug|Win32
		{916BBED3-E9FB-4C77-B8D7-5DE1B72CA28A}.Debug|Win32.Build.0 = Debug|Win32
		{916BBED3-E9FB-4C77-B8D7-5DE1B72CA28A}.Release|Win32.ActiveCfg = Release|Win32
		{916BBED3-E9FB-4C77-B8D7-5DE1B72CA28A}.Release|Win32.Build.0 = Release|Win32
		{740EEA91-3C75-4B2A-9968-E7ADFAE2D5BE}.Debug|Win32.ActiveCfg = Debug|Win32
		{740EEA91-3C75-4B2A-9968-E7ADFAE2D5BE}.Debug|Win32.Build.0 = Debug|Win32
		{740EEA91-3C75-4B2A-9968-E7ADFAE2D5BE}.Release|Win32.ActiveCfg = Release|Win32
		{740EEA91-3C75-4B2A-9968-E7ADFAE2D5BE}.Release|Win32.Build.0 = Release|Win32
	EndGlobalSection
	GlobalSection(SolutionProperties) = preSolution
		HideSolutionNode = FALSE
	EndGlobalSection
EndGlobal
