
Microsoft Visual Studio Solution File, Format Version 12.00
# Visual Studio 15
VisualStudioVersion = 15.0.27703.2026
MinimumVisualStudioVersion = 10.0.40219.1
Project("{8BC9CEB8-8B4A-11D0-8D11-00A0C91BC942}") = "osg_test", "osg_test\osg_test.vcxproj", "{4F999313-1741-4DF9-AED3-CD45B9F1DE73}"
EndProject
Global
	GlobalSection(SolutionConfigurationPlatforms) = preSolution
		Debug|Win32 = Debug|Win32
		Debug|x64 = Debug|x64
		MinSizeRel|Win32 = MinSizeRel|Win32
		MinSizeRel|x64 = MinSizeRel|x64
		Release|Win32 = Release|Win32
		Release|x64 = Release|x64
		RelWithDebInfo|Win32 = RelWithDebInfo|Win32
		RelWithDebInfo|x64 = RelWithDebInfo|x64
	EndGlobalSection
	GlobalSection(ProjectConfigurationPlatforms) = postSolution
		{4F999313-1741-4DF9-AED3-CD45B9F1DE73}.Debug|Win32.ActiveCfg = Debug|Win32
		{4F999313-1741-4DF9-AED3-CD45B9F1DE73}.Debug|Win32.Build.0 = Debug|Win32
		{4F999313-1741-4DF9-AED3-CD45B9F1DE73}.Debug|x64.ActiveCfg = Debug|x64
		{4F999313-1741-4DF9-AED3-CD45B9F1DE73}.Debug|x64.Build.0 = Debug|x64
		{4F999313-1741-4DF9-AED3-CD45B9F1DE73}.MinSizeRel|Win32.ActiveCfg = Release|Win32
		{4F999313-1741-4DF9-AED3-CD45B9F1DE73}.MinSizeRel|Win32.Build.0 = Release|Win32
		{4F999313-1741-4DF9-AED3-CD45B9F1DE73}.MinSizeRel|x64.ActiveCfg = Release|x64
		{4F999313-1741-4DF9-AED3-CD45B9F1DE73}.MinSizeRel|x64.Build.0 = Release|x64
		{4F999313-1741-4DF9-AED3-CD45B9F1DE73}.Release|Win32.ActiveCfg = Release|Win32
		{4F999313-1741-4DF9-AED3-CD45B9F1DE73}.Release|Win32.Build.0 = Release|Win32
		{4F999313-1741-4DF9-AED3-CD45B9F1DE73}.Release|x64.ActiveCfg = Release|x64
		{4F999313-1741-4DF9-AED3-CD45B9F1DE73}.Release|x64.Build.0 = Release|x64
		{4F999313-1741-4DF9-AED3-CD45B9F1DE73}.RelWithDebInfo|Win32.ActiveCfg = Release|Win32
		{4F999313-1741-4DF9-AED3-CD45B9F1DE73}.RelWithDebInfo|Win32.Build.0 = Release|Win32
		{4F999313-1741-4DF9-AED3-CD45B9F1DE73}.RelWithDebInfo|x64.ActiveCfg = Release|x64
		{4F999313-1741-4DF9-AED3-CD45B9F1DE73}.RelWithDebInfo|x64.Build.0 = Release|x64
	EndGlobalSection
	GlobalSection(SolutionProperties) = preSolution
		HideSolutionNode = FALSE
	EndGlobalSection
	GlobalSection(ExtensibilityGlobals) = postSolution
		SolutionGuid = {7539E85F-92E7-4A3E-8570-99A236FDA889}
	EndGlobalSection
EndGlobal
